
Microsoft Visual Studio Solution File, Format Version 12.00
# Visual Studio 15
VisualStudioVersion = 15.0.28010.2041
MinimumVisualStudioVersion = 10.0.40219.1
Project("{FAE04EC0-301F-11D3-BF4B-00C04F79EFBC}") = "GameLauncher", "GameLauncher.csproj", "{847F912A-2131-47AF-BC0F-A1817E8BA5F0}"
EndProject
Global
	GlobalSection(SolutionConfigurationPlatforms) = preSolution
		Debug|Any CPU = Debug|Any CPU
		Release|Any CPU = Release|Any CPU
	EndGlobalSection
	GlobalSection(ProjectConfigurationPlatforms) = postSolution
		{847F912A-2131-47AF-BC0F-A1817E8BA5F0}.Debug|Any CPU.ActiveCfg = Debug|Any CPU
		{847F912A-2131-47AF-BC0F-A1817E8BA5F0}.Debug|Any CPU.Build.0 = Debug|Any CPU
		{847F912A-2131-47AF-BC0F-A1817E8BA5F0}.Release|Any CPU.ActiveCfg = Release|Any CPU
		{847F912A-2131-47AF-BC0F-A1817E8BA5F0}.Release|Any CPU.Build.0 = Release|Any CPU
	EndGlobalSection
	GlobalSection(SolutionProperties) = preSolution
		HideSolutionNode = FALSE
	EndGlobalSection
	GlobalSection(ExtensibilityGlobals) = postSolution
		SolutionGuid = {DA4E68F6-4DD1-413B-AD0E-C02F55AA69AC}
	EndGlobalSection
EndGlobal
